# This file is automatically @generated by Cargo.
# It is not intended for manual editing.
version = 3

[[package]]
name = "pinocchio"
version = "0.6.0"
source = "registry+https://github.com/rust-lang/crates.io-index"
checksum = "c9f716de2190437efa787dd7414f4bcea88d22c2f81bbeecabb7db6d9cc326bd"

[[package]]
name = "verified-builds"
version = "0.1.0"
dependencies = [
 "pinocchio",
]
